github.com/chzyer/logex v1.2.1 h1:XHDu3E6q+gdHgsdTPH6ImJMIp436vR6MPtH8gP05QzM=
github.com/chzyer/logex v1.2.1/go.mod h1:JLbx6lG2kDbNRFnfkgvh4eRJRPX1QCoOIWomwysCBrQ=
github.com/chzyer/readline v1.5.1 h1:upd/6fQk4src78LMRzh5vItIt361/o4uq553V8B5sGI=
github.com/chzyer/readline v1.5.1/go.mod h1:Eh+b79XXUwfKfcPLepksvw2tcLE/Ct21YObkaSkeBlk=
github.com/chzyer/test v1.0.0 h1:p3BQDXSxOhOG0P9z6/hGnII4LGiEPOYBhs8asl/fC04=
github.com/chzyer/test v1.0.0/go.mod h1:2JlltgoNkt4TW/z9V/IzDdFaMTM2JPIi26O1pF38GC8=
github.com/manya-bansal/sqlparser v0.2.2 h1:YYei51qF7oUBbS3R4qczckRSzJyfToMjG5K0q15+naU=
github.com/manya-bansal/sqlparser v0.2.2/go.mod h1:YsiCf9ANGjb20JdENDjMJRMtVSdYo+IwD6GWroh3ySU=
github.com/mitchellh/hashstructure/v2 v2.0.2 h1:vGKWl0YJqUNxE8d+h8f6NJLcCJrgbhC4NcD46KavDd4=
github.com/mitchellh/hashstructure/v2 v2.0.2/go.mod h1:MG3aRVU/N29oo/V/IhBX8GR/zz4kQkprJgF2EVszyDE=
golang.org/x/exp v0.0.0-20231206192017-f3f8817b8deb h1:c0vyKkb6yr3KR7jEfJaOSv4lG7xPkbN6r52aJz1d8a8=
golang.org/x/exp v0.0.0-20231206192017-f3f8817b8deb/go.mod h1:iRJReGqOEeBhDZGkGbynYwcHlctCvnjTYIamk7uXpHI=
golang.org/x/sys v0.0.0-20220310020820-b874c991c1a5/go.mod h1:oPkhp1MJrh7nUepCBck5+mAzfO9JrbApNNgaTdGDITg=
golang.org/x/sys v0.15.0 h1:h48lPFYpsTvQJZF4EKyI4aLHaev3CxivZmv7yZig9pc=
golang.org/x/sys v0.15.0/go.mod h1:/VUhepiaJMQUp4+oa/7Zr1D23ma6VTLIYjOOTFZPUcA=
