github.com/manya-bansal/sqlparser v0.0.0-20180606152119-120387863bf2 h1:RjWBkDet1xMRjsLI3F1z3XE4zvOzoKKD95qbeuYvTRc=
github.com/manya-bansal/sqlparser v0.0.0-20180606152119-120387863bf2/go.mod h1:xr1+ihyRHFhsm5AZet5KG8MInNMSQ3Wh2efzMn6t+d4=
github.com/manya-bansal/sqlparser v0.1.4 h1:/2whxNPpsgW0hZla4z3Yw3auyE1hFCaUPI+f4X5U6dc=
github.com/manya-bansal/sqlparser v0.1.4/go.mod h1:/VK39EzqDSejhge0qBHhyZwSjEELRLPFCfAhcqtA5dw=
github.com/manya-bansal/sqlparser v0.1.5 h1:gg3GSO2nxHoNC67ByL/8E2eGoe57yYqFb3HH5JDrmRQ=
github.com/manya-bansal/sqlparser v0.1.5/go.mod h1:/VK39EzqDSejhge0qBHhyZwSjEELRLPFCfAhcqtA5dw=
github.com/manya-bansal/sqlparser v0.1.6 h1:uBsQ/HDbs4822iJkIC/ze8fY1YJTWud+ccHCd5F162I=
github.com/manya-bansal/sqlparser v0.1.6/go.mod h1:/VK39EzqDSejhge0qBHhyZwSjEELRLPFCfAhcqtA5dw=
github.com/manya-bansal/sqlparser v0.1.7 h1:lk9mR5YSTJeDXVURBYvrNQrt6tB7Bd+8hjElDXOCVYA=
github.com/manya-bansal/sqlparser v0.1.7/go.mod h1:/VK39EzqDSejhge0qBHhyZwSjEELRLPFCfAhcqtA5dw=
github.com/manya-bansal/sqlparser v0.1.8 h1:6c6dsdHk+vcUHTemTNTmZwh23fBa48/SemHLHplWIBk=
github.com/manya-bansal/sqlparser v0.1.8/go.mod h1:HiE0z4tYr3thMJzpZEb7wxQFgmgtbNgAOMq+BtbzNlM=
github.com/manya-bansal/sqlparser v0.1.9 h1:G7KgJJWbVMeTojAnOV1e1l/OyIVeuq4slFx0AB8TCFM=
github.com/manya-bansal/sqlparser v0.1.9/go.mod h1:HiE0z4tYr3thMJzpZEb7wxQFgmgtbNgAOMq+BtbzNlM=
github.com/mitchellh/hashstructure/v2 v2.0.2 h1:vGKWl0YJqUNxE8d+h8f6NJLcCJrgbhC4NcD46KavDd4=
github.com/mitchellh/hashstructure/v2 v2.0.2/go.mod h1:MG3aRVU/N29oo/V/IhBX8GR/zz4kQkprJgF2EVszyDE=
github.com/xwb1989/sqlparser v0.0.0-20180606152119-120387863bf2 h1:zzrxE1FKn5ryBNl9eKOeqQ58Y/Qpo3Q9QNxKHX5uzzQ=
github.com/xwb1989/sqlparser v0.0.0-20180606152119-120387863bf2/go.mod h1:hzfGeIUDq/j97IG+FhNqkowIyEcD88LrW6fyU3K3WqY=
golang.org/x/exp v0.0.0-20230522175609-2e198f4a06a1 h1:k/i9J1pBpvlfR+9QsetwPyERsqu1GIbi967PQMq3Ivc=
golang.org/x/exp v0.0.0-20230522175609-2e198f4a06a1/go.mod h1:V1LtkGg67GoY2N1AnLN78QLrzxkLyJw7RJb1gzOOz9w=
